
Microsoft Visual Studio Solution File, Format Version 12.00
# Visual Studio Version 17
VisualStudioVersion = 17.10.35004.147
MinimumVisualStudioVersion = 10.0.40219.1
Project("{FAE04EC0-301F-11D3-BF4B-00C04F79EFBC}") = "GestorTicketsBBDD", "GestorTicketsBBDD\GestorTicketsBBDD.csproj", "{CCCEEDAA-A8AC-4FAC-B645-71216DD89579}"
EndProject
Global
	GlobalSection(SolutionConfigurationPlatforms) = preSolution
		Debug|Any CPU = Debug|Any CPU
		Release|Any CPU = Release|Any CPU
	EndGlobalSection
	GlobalSection(ProjectConfigurationPlatforms) = postSolution
		{CCCEEDAA-A8AC-4FAC-B645-71216DD89579}.Debug|Any CPU.ActiveCfg = Debug|Any CPU
		{CCCEEDAA-A8AC-4FAC-B645-71216DD89579}.Debug|Any CPU.Build.0 = Debug|Any CPU
		{CCCEEDAA-A8AC-4FAC-B645-71216DD89579}.Release|Any CPU.ActiveCfg = Release|Any CPU
		{CCCEEDAA-A8AC-4FAC-B645-71216DD89579}.Release|Any CPU.Build.0 = Release|Any CPU
	EndGlobalSection
	GlobalSection(SolutionProperties) = preSolution
		HideSolutionNode = FALSE
	EndGlobalSection
	GlobalSection(ExtensibilityGlobals) = postSolution
		SolutionGuid = {19BFF40A-9A19-4643-BD8A-3D3364D3D10B}
	EndGlobalSection
EndGlobal
